
Microsoft Visual Studio Solution File, Format Version 12.00
# Visual Studio 2015
Project("{FAE04EC0-301F-11D3-BF4B-00C04F79EFBC}") = "StarlightFighter.CSharp.Plugins", "StarlightFighter.CSharp.Plugins.csproj", "{8907D3E2-104B-9EF6-25E6-27C975693D5E}"
EndProject
Project("{FAE04EC0-301F-11D3-BF4B-00C04F79EFBC}") = "StarlightFighter.CSharp", "StarlightFighter.CSharp.csproj", "{B8DB6DEC-9290-FA0D-40F5-85D05F4FDC93}"
EndProject
Project("{FAE04EC0-301F-11D3-BF4B-00C04F79EFBC}") = "StarlightFighter.CSharp.Editor", "StarlightFighter.CSharp.Editor.csproj", "{2343665D-944D-ABEE-B9BC-D73749805E65}"
EndProject
Global
	GlobalSection(SolutionConfigurationPlatforms) = preSolution
		Debug|Any CPU = Debug|Any CPU
		Release|Any CPU = Release|Any CPU
	EndGlobalSection
	GlobalSection(ProjectConfigurationPlatforms) = postSolution
		{8907D3E2-104B-9EF6-25E6-27C975693D5E}.Debug|Any CPU.ActiveCfg = Debug|Any CPU
		{8907D3E2-104B-9EF6-25E6-27C975693D5E}.Debug|Any CPU.Build.0 = Debug|Any CPU
		{8907D3E2-104B-9EF6-25E6-27C975693D5E}.Release|Any CPU.ActiveCfg = Release|Any CPU
		{8907D3E2-104B-9EF6-25E6-27C975693D5E}.Release|Any CPU.Build.0 = Release|Any CPU
		{B8DB6DEC-9290-FA0D-40F5-85D05F4FDC93}.Debug|Any CPU.ActiveCfg = Debug|Any CPU
		{B8DB6DEC-9290-FA0D-40F5-85D05F4FDC93}.Debug|Any CPU.Build.0 = Debug|Any CPU
		{B8DB6DEC-9290-FA0D-40F5-85D05F4FDC93}.Release|Any CPU.ActiveCfg = Release|Any CPU
		{B8DB6DEC-9290-FA0D-40F5-85D05F4FDC93}.Release|Any CPU.Build.0 = Release|Any CPU
		{2343665D-944D-ABEE-B9BC-D73749805E65}.Debug|Any CPU.ActiveCfg = Debug|Any CPU
		{2343665D-944D-ABEE-B9BC-D73749805E65}.Debug|Any CPU.Build.0 = Debug|Any CPU
		{2343665D-944D-ABEE-B9BC-D73749805E65}.Release|Any CPU.ActiveCfg = Release|Any CPU
		{2343665D-944D-ABEE-B9BC-D73749805E65}.Release|Any CPU.Build.0 = Release|Any CPU
	EndGlobalSection
	GlobalSection(SolutionProperties) = preSolution
		HideSolutionNode = FALSE
	EndGlobalSection
EndGlobal
